<?xml version="1.0" encoding="UTF-8" standalone="yes" ?>
<CodeBlocks_project_file>
	<FileVersion major="1" minor="6" />
	<Project>
		<Option title="Ejercitacion de Fechas" />
		<Option pch_mode="2" />
		<Option compiler="gcc" />
		<Build>
			<Target title="Debug">
				<Option output="bin/Debug/Ejercitacion Programacion" prefix_auto="1" extension_auto="1" />
				<Option object_output="obj/Debug/" />
				<Option type="1" />
				<Option compiler="gcc" />
				<Compiler>
					<Add option="-g" />
				</Compiler>
			</Target>
			<Target title="Release">
				<Option output="bin/Release/Ejercitacion Programacion" prefix_auto="1" extension_auto="1" />
				<Option object_output="obj/Release/" />
				<Option type="1" />
				<Option compiler="gcc" />
				<Compiler>
					<Add option="-O2" />
				</Compiler>
				<Linker>
					<Add option="-s" />
				</Linker>
			</Target>
		</Build>
		<Compiler>
			<Add option="-Wall" />
		</Compiler>
		<Unit filename="Ejercicio 17.c">
			<Option compilerVar="CC" />
		</Unit>
		<Unit filename="Ejercicio 17.h" />
		<Unit filename="Ejercicio 18.c">
			<Option compilerVar="CC" />
		</Unit>
		<Unit filename="Ejercicio 18.h" />
		<Unit filename="Ejercicio 19.c">
			<Option compilerVar="CC" />
		</Unit>
		<Unit filename="Ejercicio 19.h" />
		<Unit filename="FechaMayor.c">
			<Option compilerVar="CC" />
		</Unit>
		<Unit filename="FechaMayor.h" />
		<Unit filename="FechaMayorDia.c">
			<Option compilerVar="CC" />
		</Unit>
		<Unit filename="FechaMayorMes.c">
			<Option compilerVar="CC" />
		</Unit>
		<Unit filename="FechaMenor.c">
			<Option compilerVar="CC" />
		</Unit>
		<Unit filename="FechaMenor.h" />
		<Unit filename="FechaMenorDia.c">
			<Option compilerVar="CC" />
		</Unit>
		<Unit filename="FechaMenorMes.c">
			<Option compilerVar="CC" />
		</Unit>
		<Unit filename="main.c">
			<Option compilerVar="CC" />
		</Unit>
		<Extensions>
			<lib_finder disable_auto="1" />
		</Extensions>
	</Project>
</CodeBlocks_project_file>
