<?xml version="1.0" encoding="UTF-8" standalone="yes" ?>
<CodeBlocks_project_file>
	<FileVersion major="1" minor="6" />
	<Project>
		<Option title="Ejercitacion Strings" />
		<Option pch_mode="2" />
		<Option compiler="gcc" />
		<Build>
			<Target title="Debug">
				<Option output="bin/Debug/Ejercitacion Strings" prefix_auto="1" extension_auto="1" />
				<Option object_output="obj/Debug/" />
				<Option type="1" />
				<Option compiler="gcc" />
				<Compiler>
					<Add option="-g" />
				</Compiler>
			</Target>
			<Target title="Release">
				<Option output="bin/Release/Ejercitacion Strings" prefix_auto="1" extension_auto="1" />
				<Option object_output="obj/Release/" />
				<Option type="1" />
				<Option compiler="gcc" />
				<Compiler>
					<Add option="-O2" />
				</Compiler>
				<Linker>
					<Add option="-s" />
				</Linker>
			</Target>
		</Build>
		<Compiler>
			<Add option="-Wall" />
		</Compiler>
		<Unit filename="EjercitacionStringsHeader.h" />
		<Unit filename="FormatearNombre.c">
			<Option compilerVar="CC" />
		</Unit>
		<Unit filename="FormatearTitulo.c">
			<Option compilerVar="CC" />
		</Unit>
		<Unit filename="FuncionSpecials.c">
			<Option compilerVar="CC" />
		</Unit>
		<Unit filename="InvertirString.c">
			<Option compilerVar="CC" />
		</Unit>
		<Unit filename="LimpiarEspacios.c">
			<Option compilerVar="CC" />
		</Unit>
		<Unit filename="MYstrlen.c">
			<Option compilerVar="CC" />
		</Unit>
		<Unit filename="MayusMinusSpecials.c">
			<Option compilerVar="CC" />
		</Unit>
		<Unit filename="Palindromo2.c">
			<Option compilerVar="CC" />
		</Unit>
		<Unit filename="main.c">
			<Option compilerVar="CC" />
		</Unit>
		<Extensions />
	</Project>
</CodeBlocks_project_file>
